
Microsoft Visual Studio Solution File, Format Version 12.00
# Visual Studio Version 17
VisualStudioVersion = 17.9.34728.123
MinimumVisualStudioVersion = 10.0.40219.1
Project("{FAE04EC0-301F-11D3-BF4B-00C04F79EFBC}") = "FC.ClickVende.API", "FC.ClickVende.API\FC.ClickVende.API.csproj", "{541D4448-8F88-4E49-9804-6264DBB3CE0C}"
EndProject
Project("{FAE04EC0-301F-11D3-BF4B-00C04F79EFBC}") = "FC.ClickVende.Business", "FC.ClickVende.Business\FC.ClickVende.Business.csproj", "{C2B27FD6-19D4-4C1F-A6C8-FF1401C3635B}"
EndProject
Project("{FAE04EC0-301F-11D3-BF4B-00C04F79EFBC}") = "FC.ClickVende.Date", "FC.ClickVende.Data\FC.ClickVende.Date.csproj", "{651F73CE-8133-4917-AF37-6223AEB0089B}"
EndProject
Global
	GlobalSection(SolutionConfigurationPlatforms) = preSolution
		Debug|Any CPU = Debug|Any CPU
		Release|Any CPU = Release|Any CPU
	EndGlobalSection
	GlobalSection(ProjectConfigurationPlatforms) = postSolution
		{541D4448-8F88-4E49-9804-6264DBB3CE0C}.Debug|Any CPU.ActiveCfg = Debug|Any CPU
		{541D4448-8F88-4E49-9804-6264DBB3CE0C}.Debug|Any CPU.Build.0 = Debug|Any CPU
		{541D4448-8F88-4E49-9804-6264DBB3CE0C}.Release|Any CPU.ActiveCfg = Release|Any CPU
		{541D4448-8F88-4E49-9804-6264DBB3CE0C}.Release|Any CPU.Build.0 = Release|Any CPU
		{C2B27FD6-19D4-4C1F-A6C8-FF1401C3635B}.Debug|Any CPU.ActiveCfg = Debug|Any CPU
		{C2B27FD6-19D4-4C1F-A6C8-FF1401C3635B}.Debug|Any CPU.Build.0 = Debug|Any CPU
		{C2B27FD6-19D4-4C1F-A6C8-FF1401C3635B}.Release|Any CPU.ActiveCfg = Release|Any CPU
		{C2B27FD6-19D4-4C1F-A6C8-FF1401C3635B}.Release|Any CPU.Build.0 = Release|Any CPU
		{651F73CE-8133-4917-AF37-6223AEB0089B}.Debug|Any CPU.ActiveCfg = Debug|Any CPU
		{651F73CE-8133-4917-AF37-6223AEB0089B}.Debug|Any CPU.Build.0 = Debug|Any CPU
		{651F73CE-8133-4917-AF37-6223AEB0089B}.Release|Any CPU.ActiveCfg = Release|Any CPU
		{651F73CE-8133-4917-AF37-6223AEB0089B}.Release|Any CPU.Build.0 = Release|Any CPU
	EndGlobalSection
	GlobalSection(SolutionProperties) = preSolution
		HideSolutionNode = FALSE
	EndGlobalSection
	GlobalSection(ExtensibilityGlobals) = postSolution
		SolutionGuid = {36547112-271B-4C9E-BBBF-2446DAA4C5B4}
	EndGlobalSection
EndGlobal
